
Microsoft Visual Studio Solution File, Format Version 12.00
# Visual Studio Version 16
VisualStudioVersion = 16.0.31624.102
MinimumVisualStudioVersion = 10.0.40219.1
Project("{FAE04EC0-301F-11D3-BF4B-00C04F79EFBC}") = "MVCCountriesLab", "MVCCountriesLab\MVCCountriesLab.csproj", "{40A9F6DE-8950-489A-91EB-41AC5E8C991A}"
EndProject
Global
	GlobalSection(SolutionConfigurationPlatforms) = preSolution
		Debug|Any CPU = Debug|Any CPU
		Release|Any CPU = Release|Any CPU
	EndGlobalSection
	GlobalSection(ProjectConfigurationPlatforms) = postSolution
		{40A9F6DE-8950-489A-91EB-41AC5E8C991A}.Debug|Any CPU.ActiveCfg = Debug|Any CPU
		{40A9F6DE-8950-489A-91EB-41AC5E8C991A}.Debug|Any CPU.Build.0 = Debug|Any CPU
		{40A9F6DE-8950-489A-91EB-41AC5E8C991A}.Release|Any CPU.ActiveCfg = Release|Any CPU
		{40A9F6DE-8950-489A-91EB-41AC5E8C991A}.Release|Any CPU.Build.0 = Release|Any CPU
	EndGlobalSection
	GlobalSection(SolutionProperties) = preSolution
		HideSolutionNode = FALSE
	EndGlobalSection
	GlobalSection(ExtensibilityGlobals) = postSolution
		SolutionGuid = {3638EFEC-A08F-40D5-8857-90BC3F7AB627}
	EndGlobalSection
EndGlobal
